
Microsoft Visual Studio Solution File, Format Version 12.00
# Visual Studio Version 16
VisualStudioVersion = 16.0.29709.97
MinimumVisualStudioVersion = 10.0.40219.1
Project("{9A19103F-16F7-4668-BE54-9A1E7A4F7556}") = "ZEntityFrameworkExtensionsDemo", "ZEntityFrameworkExtensionsDemo\ZEntityFrameworkExtensionsDemo.csproj", "{CD80BBC5-AB64-4DE0-8845-235D4C9172E6}"
EndProject
Project("{FAE04EC0-301F-11D3-BF4B-00C04F79EFBC}") = "EntityFrameworkExtensionsTests", "EntityFrameworkExtensionsTests\EntityFrameworkExtensionsTests.csproj", "{930A8078-DD88-4E7B-86B1-67932001CD27}"
EndProject
Global
	GlobalSection(SolutionConfigurationPlatforms) = preSolution
		Debug|Any CPU = Debug|Any CPU
		Release|Any CPU = Release|Any CPU
	EndGlobalSection
	GlobalSection(ProjectConfigurationPlatforms) = postSolution
		{CD80BBC5-AB64-4DE0-8845-235D4C9172E6}.Debug|Any CPU.ActiveCfg = Debug|Any CPU
		{CD80BBC5-AB64-4DE0-8845-235D4C9172E6}.Debug|Any CPU.Build.0 = Debug|Any CPU
		{CD80BBC5-AB64-4DE0-8845-235D4C9172E6}.Release|Any CPU.ActiveCfg = Release|Any CPU
		{CD80BBC5-AB64-4DE0-8845-235D4C9172E6}.Release|Any CPU.Build.0 = Release|Any CPU
		{930A8078-DD88-4E7B-86B1-67932001CD27}.Debug|Any CPU.ActiveCfg = Debug|Any CPU
		{930A8078-DD88-4E7B-86B1-67932001CD27}.Debug|Any CPU.Build.0 = Debug|Any CPU
		{930A8078-DD88-4E7B-86B1-67932001CD27}.Release|Any CPU.ActiveCfg = Release|Any CPU
		{930A8078-DD88-4E7B-86B1-67932001CD27}.Release|Any CPU.Build.0 = Release|Any CPU
	EndGlobalSection
	GlobalSection(SolutionProperties) = preSolution
		HideSolutionNode = FALSE
	EndGlobalSection
	GlobalSection(ExtensibilityGlobals) = postSolution
		SolutionGuid = {A56D80D1-242C-43EA-A84A-3427231DEE42}
	EndGlobalSection
EndGlobal
